
Microsoft Visual Studio Solution File, Format Version 12.00
# Visual Studio Version 17
VisualStudioVersion = 17.12.35527.113
MinimumVisualStudioVersion = 10.0.40219.1
Project("{FAE04EC0-301F-11D3-BF4B-00C04F79EFBC}") = "Nova", "Nova.csproj", "{525585C0-96A2-41DF-A926-666D35A51B75}"
EndProject
Project("{FAE04EC0-301F-11D3-BF4B-00C04F79EFBC}") = "NovaApp", "..\NovaApp\NovaApp.csproj", "{E86E2B22-5FEB-4836-BC15-C80EB70FF767}"
EndProject
Project("{FAE04EC0-301F-11D3-BF4B-00C04F79EFBC}") = "NovaIO", "..\NovaIO\NovaIO.csproj", "{1CD5E9B3-0C9B-4905-A4C3-7F84486A9371}"
EndProject
Project("{FAE04EC0-301F-11D3-BF4B-00C04F79EFBC}") = "ScanViewer", "..\ScanViewer\ScanViewer.csproj", "{35A22C80-B173-4D29-AC2A-ABA58176BA15}"
EndProject
Global
	GlobalSection(SolutionConfigurationPlatforms) = preSolution
		Debug|Any CPU = Debug|Any CPU
		Debug|x64 = Debug|x64
		Release|Any CPU = Release|Any CPU
		Release|x64 = Release|x64
	EndGlobalSection
	GlobalSection(ProjectConfigurationPlatforms) = postSolution
		{525585C0-96A2-41DF-A926-666D35A51B75}.Debug|Any CPU.ActiveCfg = Debug|Any CPU
		{525585C0-96A2-41DF-A926-666D35A51B75}.Debug|Any CPU.Build.0 = Debug|Any CPU
		{525585C0-96A2-41DF-A926-666D35A51B75}.Debug|x64.ActiveCfg = Debug|x64
		{525585C0-96A2-41DF-A926-666D35A51B75}.Debug|x64.Build.0 = Debug|x64
		{525585C0-96A2-41DF-A926-666D35A51B75}.Release|Any CPU.ActiveCfg = Release|Any CPU
		{525585C0-96A2-41DF-A926-666D35A51B75}.Release|Any CPU.Build.0 = Release|Any CPU
		{525585C0-96A2-41DF-A926-666D35A51B75}.Release|x64.ActiveCfg = Release|x64
		{525585C0-96A2-41DF-A926-666D35A51B75}.Release|x64.Build.0 = Release|x64
		{E86E2B22-5FEB-4836-BC15-C80EB70FF767}.Debug|Any CPU.ActiveCfg = Debug|Any CPU
		{E86E2B22-5FEB-4836-BC15-C80EB70FF767}.Debug|Any CPU.Build.0 = Debug|Any CPU
		{E86E2B22-5FEB-4836-BC15-C80EB70FF767}.Debug|x64.ActiveCfg = Debug|x64
		{E86E2B22-5FEB-4836-BC15-C80EB70FF767}.Debug|x64.Build.0 = Debug|x64
		{E86E2B22-5FEB-4836-BC15-C80EB70FF767}.Release|Any CPU.ActiveCfg = Release|Any CPU
		{E86E2B22-5FEB-4836-BC15-C80EB70FF767}.Release|Any CPU.Build.0 = Release|Any CPU
		{E86E2B22-5FEB-4836-BC15-C80EB70FF767}.Release|x64.ActiveCfg = Release|x64
		{E86E2B22-5FEB-4836-BC15-C80EB70FF767}.Release|x64.Build.0 = Release|x64
		{1CD5E9B3-0C9B-4905-A4C3-7F84486A9371}.Debug|Any CPU.ActiveCfg = Debug|Any CPU
		{1CD5E9B3-0C9B-4905-A4C3-7F84486A9371}.Debug|Any CPU.Build.0 = Debug|Any CPU
		{1CD5E9B3-0C9B-4905-A4C3-7F84486A9371}.Debug|x64.ActiveCfg = Debug|Any CPU
		{1CD5E9B3-0C9B-4905-A4C3-7F84486A9371}.Debug|x64.Build.0 = Debug|Any CPU
		{1CD5E9B3-0C9B-4905-A4C3-7F84486A9371}.Release|Any CPU.ActiveCfg = Release|Any CPU
		{1CD5E9B3-0C9B-4905-A4C3-7F84486A9371}.Release|Any CPU.Build.0 = Release|Any CPU
		{1CD5E9B3-0C9B-4905-A4C3-7F84486A9371}.Release|x64.ActiveCfg = Release|x64
		{1CD5E9B3-0C9B-4905-A4C3-7F84486A9371}.Release|x64.Build.0 = Release|x64
		{35A22C80-B173-4D29-AC2A-ABA58176BA15}.Debug|Any CPU.ActiveCfg = Debug|Any CPU
		{35A22C80-B173-4D29-AC2A-ABA58176BA15}.Debug|Any CPU.Build.0 = Debug|Any CPU
		{35A22C80-B173-4D29-AC2A-ABA58176BA15}.Debug|x64.ActiveCfg = Debug|Any CPU
		{35A22C80-B173-4D29-AC2A-ABA58176BA15}.Debug|x64.Build.0 = Debug|Any CPU
		{35A22C80-B173-4D29-AC2A-ABA58176BA15}.Release|Any CPU.ActiveCfg = Release|Any CPU
		{35A22C80-B173-4D29-AC2A-ABA58176BA15}.Release|Any CPU.Build.0 = Release|Any CPU
		{35A22C80-B173-4D29-AC2A-ABA58176BA15}.Release|x64.ActiveCfg = Release|x64
		{35A22C80-B173-4D29-AC2A-ABA58176BA15}.Release|x64.Build.0 = Release|x64
	EndGlobalSection
	GlobalSection(SolutionProperties) = preSolution
		HideSolutionNode = FALSE
	EndGlobalSection
EndGlobal
